
Microsoft Visual Studio Solution File, Format Version 12.00
# Visual Studio Version 17
VisualStudioVersion = 17.14.36518.9 d17.14
MinimumVisualStudioVersion = 10.0.40219.1
Project("{FAE04EC0-301F-11D3-BF4B-00C04F79EFBC}") = "lab7.App", "lab7.App.csproj", "{DC741250-F20F-4F28-AB2B-855859D34DBB}"
EndProject
Project("{FAE04EC0-301F-11D3-BF4B-00C04F79EFBC}") = "lab7.Library", "..\lab7.Library\lab7.Library.csproj", "{78AC83CC-AB0A-4410-9D54-9CDC246E73E7}"
EndProject
Global
	GlobalSection(SolutionConfigurationPlatforms) = preSolution
		Debug|Any CPU = Debug|Any CPU
		Release|Any CPU = Release|Any CPU
	EndGlobalSection
	GlobalSection(ProjectConfigurationPlatforms) = postSolution
		{DC741250-F20F-4F28-AB2B-855859D34DBB}.Debug|Any CPU.ActiveCfg = Debug|Any CPU
		{DC741250-F20F-4F28-AB2B-855859D34DBB}.Debug|Any CPU.Build.0 = Debug|Any CPU
		{DC741250-F20F-4F28-AB2B-855859D34DBB}.Release|Any CPU.ActiveCfg = Release|Any CPU
		{DC741250-F20F-4F28-AB2B-855859D34DBB}.Release|Any CPU.Build.0 = Release|Any CPU
		{78AC83CC-AB0A-4410-9D54-9CDC246E73E7}.Debug|Any CPU.ActiveCfg = Debug|Any CPU
		{78AC83CC-AB0A-4410-9D54-9CDC246E73E7}.Debug|Any CPU.Build.0 = Debug|Any CPU
		{78AC83CC-AB0A-4410-9D54-9CDC246E73E7}.Release|Any CPU.ActiveCfg = Release|Any CPU
		{78AC83CC-AB0A-4410-9D54-9CDC246E73E7}.Release|Any CPU.Build.0 = Release|Any CPU
	EndGlobalSection
	GlobalSection(SolutionProperties) = preSolution
		HideSolutionNode = FALSE
	EndGlobalSection
	GlobalSection(ExtensibilityGlobals) = postSolution
		SolutionGuid = {EF757DC6-6730-497C-A3DD-0CF010E86464}
	EndGlobalSection
EndGlobal
